<?xml version="1.0" encoding="utf-8"?>
<Project ToolsVersion="4.0" xmlns="http://schemas.microsoft.com/developer/msbuild/2003">
  <ItemGroup>
    <Filter Include="Source Files">
      <UniqueIdentifier>{35241fab-12fd-4acf-935f-cdd8ce6c8da3}</UniqueIdentifier>
      <Extensions>cpp;c;cxx;rc;def;r;odl;hpj;bat;for;f90</Extensions>
    </Filter>
    <Filter Include="Header Files">
      <UniqueIdentifier>{bc733adb-b373-468c-9d81-b3b63465fcbe}</UniqueIdentifier>
      <Extensions>h;hpp;hxx;hm;inl;fi;fd</Extensions>
    </Filter>
    <Filter Include="Resource Files">
      <UniqueIdentifier>{d6f24f5e-77fd-43de-a82f-61e605b17b9e}</UniqueIdentifier>
    </Filter>
  </ItemGroup>
  <ItemGroup>
    <ClCompile Include="..\..\..\..\engine\qcommon\q_shared.cpp">
      <Filter>Source Files</Filter>
    </ClCompile>
    <ClCompile Include="..\..\..\..\engine\qcommon\q_math.cpp">
      <Filter>Source Files</Filter>
    </ClCompile>
    <ClCompile Include="g_weapon.cpp">
      <Filter>Source Files</Filter>
    </ClCompile>
    <ClCompile Include="bg_misc.cpp">
      <Filter>Source Files</Filter>
    </ClCompile>
    <ClCompile Include="bg_pmove.cpp">
      <Filter>Source Files</Filter>
    </ClCompile>
    <ClCompile Include="bg_slidemove.cpp">
      <Filter>Source Files</Filter>
    </ClCompile>
    <ClCompile Include="g_active.cpp">
      <Filter>Source Files</Filter>
    </ClCompile>
    <ClCompile Include="g_api.cpp">
      <Filter>Source Files</Filter>
    </ClCompile>
    <ClCompile Include="g_buildable.cpp">
      <Filter>Source Files</Filter>
    </ClCompile>
    <ClCompile Include="g_client.cpp">
      <Filter>Source Files</Filter>
    </ClCompile>
    <ClCompile Include="g_cmds.cpp">
      <Filter>Source Files</Filter>
    </ClCompile>
    <ClCompile Include="g_combat.cpp">
      <Filter>Source Files</Filter>
    </ClCompile>
    <ClCompile Include="g_main.cpp">
      <Filter>Source Files</Filter>
    </ClCompile>
    <ClCompile Include="g_maprotation.cpp">
      <Filter>Source Files</Filter>
    </ClCompile>
    <ClCompile Include="g_mem.cpp">
      <Filter>Source Files</Filter>
    </ClCompile>
    <ClCompile Include="g_misc.cpp">
      <Filter>Source Files</Filter>
    </ClCompile>
    <ClCompile Include="g_missile.cpp">
      <Filter>Source Files</Filter>
    </ClCompile>
    <ClCompile Include="g_mover.cpp">
      <Filter>Source Files</Filter>
    </ClCompile>
    <ClCompile Include="g_physics.cpp">
      <Filter>Source Files</Filter>
    </ClCompile>
    <ClCompile Include="g_ptr.cpp">
      <Filter>Source Files</Filter>
    </ClCompile>
    <ClCompile Include="g_session.cpp">
      <Filter>Source Files</Filter>
    </ClCompile>
    <ClCompile Include="g_spawn.cpp">
      <Filter>Source Files</Filter>
    </ClCompile>
    <ClCompile Include="g_svcmds.cpp">
      <Filter>Source Files</Filter>
    </ClCompile>
    <ClCompile Include="g_target.cpp">
      <Filter>Source Files</Filter>
    </ClCompile>
    <ClCompile Include="g_team.cpp">
      <Filter>Source Files</Filter>
    </ClCompile>
    <ClCompile Include="g_trigger.cpp">
      <Filter>Source Files</Filter>
    </ClCompile>
    <ClCompile Include="g_utils.cpp">
      <Filter>Source Files</Filter>
    </ClCompile>
  </ItemGroup>
  <ItemGroup>
    <ClInclude Include="surfaceflags.h">
      <Filter>Header Files</Filter>
    </ClInclude>
    <ClInclude Include="bg_local.h">
      <Filter>Header Files</Filter>
    </ClInclude>
    <ClInclude Include="bg_public.h">
      <Filter>Header Files</Filter>
    </ClInclude>
    <ClInclude Include="..\..\..\..\engine\server\g_api.h">
      <Filter>Header Files</Filter>
    </ClInclude>
    <ClInclude Include="..\..\..\..\engine\qcommon\q_platform.h">
      <Filter>Header Files</Filter>
    </ClInclude>
    <ClInclude Include="..\..\..\..\engine\qcommon\q_shared.h">
      <Filter>Header Files</Filter>
    </ClInclude>
  </ItemGroup>
</Project>