<?xml version="1.0" encoding="utf-8"?>
<Project ToolsVersion="4.0" xmlns="http://schemas.microsoft.com/developer/msbuild/2003">
  <ItemGroup>
    <Filter Include="Header Files">
      <UniqueIdentifier>{93995380-89BD-4b04-88EB-625FBE52EBFB}</UniqueIdentifier>
      <Extensions>h;hpp;hxx;hm;inl;inc;xsd</Extensions>
    </Filter>
    <Filter Include="Resource Files">
      <UniqueIdentifier>{67DA6AB6-F800-4c08-8B7A-83BB121AAD01}</UniqueIdentifier>
      <Extensions>rc;ico;cur;bmp;dlg;rc2;rct;bin;rgs;gif;jpg;jpeg;jpe;resx</Extensions>
    </Filter>
    <Filter Include="Source Files">
      <UniqueIdentifier>{4FC737F1-C7A5-4376-A066-2A32D752A2FF}</UniqueIdentifier>
      <Extensions>cpp;c;cc;cxx;def;odl;idl;hpj;bat;asm;asmx</Extensions>
    </Filter>
  </ItemGroup>
  <ItemGroup>
    <ClInclude Include="math\Angles.h">
      <Filter>Header Files</Filter>
    </ClInclude>
    <ClInclude Include="Base64.h">
      <Filter>Header Files</Filter>
    </ClInclude>
    <ClInclude Include="containers\BinSearch.h">
      <Filter>Header Files</Filter>
    </ClInclude>
    <ClInclude Include="BitMsg.h">
      <Filter>Header Files</Filter>
    </ClInclude>
    <ClInclude Include="bv\Bounds.h">
      <Filter>Header Files</Filter>
    </ClInclude>
    <ClInclude Include="bv\Box.h">
      <Filter>Header Files</Filter>
    </ClInclude>
    <ClInclude Include="containers\BTree.h">
      <Filter>Header Files</Filter>
    </ClInclude>
    <ClInclude Include="CmdArgs.h">
      <Filter>Header Files</Filter>
    </ClInclude>
    <ClInclude Include="math\Complex.h">
      <Filter>Header Files</Filter>
    </ClInclude>
    <ClInclude Include="hashing\CRC32.h">
      <Filter>Header Files</Filter>
    </ClInclude>
    <ClInclude Include="math\Curve.h">
      <Filter>Header Files</Filter>
    </ClInclude>
    <ClInclude Include="Dict.h">
      <Filter>Header Files</Filter>
    </ClInclude>
    <ClInclude Include="geometry\DrawVert.h">
      <Filter>Header Files</Filter>
    </ClInclude>
    <ClInclude Include="math\Extrapolate.h">
      <Filter>Header Files</Filter>
    </ClInclude>
    <ClInclude Include="bv\Frustum.h">
      <Filter>Header Files</Filter>
    </ClInclude>
    <ClInclude Include="containers\HashIndex.h">
      <Filter>Header Files</Filter>
    </ClInclude>
    <ClInclude Include="containers\HashTable.h">
      <Filter>Header Files</Filter>
    </ClInclude>
    <ClInclude Include="Heap.h">
      <Filter>Header Files</Filter>
    </ClInclude>
    <ClInclude Include="containers\Hierarchy.h">
      <Filter>Header Files</Filter>
    </ClInclude>
    <ClInclude Include="math\Interpolate.h">
      <Filter>Header Files</Filter>
    </ClInclude>
    <ClInclude Include="geometry\JointTransform.h">
      <Filter>Header Files</Filter>
    </ClInclude>
    <ClInclude Include="LangDict.h">
      <Filter>Header Files</Filter>
    </ClInclude>
    <ClInclude Include="math\Lcp.h">
      <Filter>Header Files</Filter>
    </ClInclude>
    <ClInclude Include="Lexer.h">
      <Filter>Header Files</Filter>
    </ClInclude>
    <ClInclude Include="Lib.h">
      <Filter>Header Files</Filter>
    </ClInclude>
    <ClInclude Include="containers\LinkList.h">
      <Filter>Header Files</Filter>
    </ClInclude>
    <ClInclude Include="containers\List.h">
      <Filter>Header Files</Filter>
    </ClInclude>
    <ClInclude Include="MapFile.h">
      <Filter>Header Files</Filter>
    </ClInclude>
    <ClInclude Include="math\Math.h">
      <Filter>Header Files</Filter>
    </ClInclude>
    <ClInclude Include="math\Matrix.h">
      <Filter>Header Files</Filter>
    </ClInclude>
    <ClInclude Include="hashing\MD4.h">
      <Filter>Header Files</Filter>
    </ClInclude>
    <ClInclude Include="hashing\MD5.h">
      <Filter>Header Files</Filter>
    </ClInclude>
    <ClInclude Include="math\Ode.h">
      <Filter>Header Files</Filter>
    </ClInclude>
    <ClInclude Include="Parser.h">
      <Filter>Header Files</Filter>
    </ClInclude>
    <ClInclude Include="math\Plane.h">
      <Filter>Header Files</Filter>
    </ClInclude>
    <ClInclude Include="containers\PlaneSet.h">
      <Filter>Header Files</Filter>
    </ClInclude>
    <ClInclude Include="math\Pluecker.h">
      <Filter>Header Files</Filter>
    </ClInclude>
    <ClInclude Include="math\Polynomial.h">
      <Filter>Header Files</Filter>
    </ClInclude>
    <ClInclude Include="precompiled.h">
      <Filter>Header Files</Filter>
    </ClInclude>
    <ClInclude Include="math\Quat.h">
      <Filter>Header Files</Filter>
    </ClInclude>
    <ClInclude Include="containers\Queue.h">
      <Filter>Header Files</Filter>
    </ClInclude>
    <ClInclude Include="math\Random.h">
      <Filter>Header Files</Filter>
    </ClInclude>
    <ClInclude Include="math\Rotation.h">
      <Filter>Header Files</Filter>
    </ClInclude>
    <ClInclude Include="math\Simd.h">
      <Filter>Header Files</Filter>
    </ClInclude>
    <ClInclude Include="math\Simd_3DNow.h">
      <Filter>Header Files</Filter>
    </ClInclude>
    <ClInclude Include="math\Simd_AltiVec.h">
      <Filter>Header Files</Filter>
    </ClInclude>
    <ClInclude Include="math\Simd_Generic.h">
      <Filter>Header Files</Filter>
    </ClInclude>
    <ClInclude Include="math\Simd_MMX.h">
      <Filter>Header Files</Filter>
    </ClInclude>
    <ClInclude Include="math\Simd_SSE.h">
      <Filter>Header Files</Filter>
    </ClInclude>
    <ClInclude Include="math\Simd_SSE2.h">
      <Filter>Header Files</Filter>
    </ClInclude>
    <ClInclude Include="math\Simd_SSE3.h">
      <Filter>Header Files</Filter>
    </ClInclude>
    <ClInclude Include="bv\Sphere.h">
      <Filter>Header Files</Filter>
    </ClInclude>
    <ClInclude Include="containers\Stack.h">
      <Filter>Header Files</Filter>
    </ClInclude>
    <ClInclude Include="containers\StaticList.h">
      <Filter>Header Files</Filter>
    </ClInclude>
    <ClInclude Include="Str.h">
      <Filter>Header Files</Filter>
    </ClInclude>
    <ClInclude Include="containers\StrList.h">
      <Filter>Header Files</Filter>
    </ClInclude>
    <ClInclude Include="containers\StrPool.h">
      <Filter>Header Files</Filter>
    </ClInclude>
    <ClInclude Include="geometry\Surface.h">
      <Filter>Header Files</Filter>
    </ClInclude>
    <ClInclude Include="geometry\Surface_Patch.h">
      <Filter>Header Files</Filter>
    </ClInclude>
    <ClInclude Include="geometry\Surface_Polytope.h">
      <Filter>Header Files</Filter>
    </ClInclude>
    <ClInclude Include="geometry\Surface_SweptSpline.h">
      <Filter>Header Files</Filter>
    </ClInclude>
    <ClInclude Include="Timer.h">
      <Filter>Header Files</Filter>
    </ClInclude>
    <ClInclude Include="Token.h">
      <Filter>Header Files</Filter>
    </ClInclude>
    <ClInclude Include="geometry\TraceModel.h">
      <Filter>Header Files</Filter>
    </ClInclude>
    <ClInclude Include="math\Vector.h">
      <Filter>Header Files</Filter>
    </ClInclude>
    <ClInclude Include="containers\VectorSet.h">
      <Filter>Header Files</Filter>
    </ClInclude>
    <ClInclude Include="geometry\Winding.h">
      <Filter>Header Files</Filter>
    </ClInclude>
    <ClInclude Include="geometry\Winding2D.h">
      <Filter>Header Files</Filter>
    </ClInclude>
  </ItemGroup>
  <ItemGroup>
    <ClCompile Include="math\Angles.cpp">
      <Filter>Source Files</Filter>
    </ClCompile>
    <ClCompile Include="Base64.cpp">
      <Filter>Source Files</Filter>
    </ClCompile>
    <ClCompile Include="BitMsg.cpp">
      <Filter>Source Files</Filter>
    </ClCompile>
    <ClCompile Include="bv\Bounds.cpp">
      <Filter>Source Files</Filter>
    </ClCompile>
    <ClCompile Include="bv\Box.cpp">
      <Filter>Source Files</Filter>
    </ClCompile>
    <ClCompile Include="CmdArgs.cpp">
      <Filter>Source Files</Filter>
    </ClCompile>
    <ClCompile Include="math\Complex.cpp">
      <Filter>Source Files</Filter>
    </ClCompile>
    <ClCompile Include="hashing\CRC32.cpp">
      <Filter>Source Files</Filter>
    </ClCompile>
    <ClCompile Include="Dict.cpp">
      <Filter>Source Files</Filter>
    </ClCompile>
    <ClCompile Include="geometry\DrawVert.cpp">
      <Filter>Source Files</Filter>
    </ClCompile>
    <ClCompile Include="bv\Frustum.cpp">
      <Filter>Source Files</Filter>
    </ClCompile>
    <ClCompile Include="bv\Frustum_gcc.cpp">
      <Filter>Source Files</Filter>
    </ClCompile>
    <ClCompile Include="containers\HashIndex.cpp">
      <Filter>Source Files</Filter>
    </ClCompile>
    <ClCompile Include="Heap.cpp">
      <Filter>Source Files</Filter>
    </ClCompile>
    <ClCompile Include="geometry\JointTransform.cpp">
      <Filter>Source Files</Filter>
    </ClCompile>
    <ClCompile Include="LangDict.cpp">
      <Filter>Source Files</Filter>
    </ClCompile>
    <ClCompile Include="math\Lcp.cpp">
      <Filter>Source Files</Filter>
    </ClCompile>
    <ClCompile Include="Lexer.cpp">
      <Filter>Source Files</Filter>
    </ClCompile>
    <ClCompile Include="Lib.cpp">
      <Filter>Source Files</Filter>
    </ClCompile>
    <ClCompile Include="MapFile.cpp">
      <Filter>Source Files</Filter>
    </ClCompile>
    <ClCompile Include="math\Math.cpp">
      <Filter>Source Files</Filter>
    </ClCompile>
    <ClCompile Include="math\Matrix.cpp">
      <Filter>Source Files</Filter>
    </ClCompile>
    <ClCompile Include="hashing\MD4.cpp">
      <Filter>Source Files</Filter>
    </ClCompile>
    <ClCompile Include="hashing\MD5.cpp">
      <Filter>Source Files</Filter>
    </ClCompile>
    <ClCompile Include="math\Ode.cpp">
      <Filter>Source Files</Filter>
    </ClCompile>
    <ClCompile Include="Parser.cpp">
      <Filter>Source Files</Filter>
    </ClCompile>
    <ClCompile Include="math\Plane.cpp">
      <Filter>Source Files</Filter>
    </ClCompile>
    <ClCompile Include="math\Pluecker.cpp">
      <Filter>Source Files</Filter>
    </ClCompile>
    <ClCompile Include="math\Polynomial.cpp">
      <Filter>Source Files</Filter>
    </ClCompile>
    <ClCompile Include="precompiled.cpp">
      <Filter>Source Files</Filter>
    </ClCompile>
    <ClCompile Include="math\Quat.cpp">
      <Filter>Source Files</Filter>
    </ClCompile>
    <ClCompile Include="math\Rotation.cpp">
      <Filter>Source Files</Filter>
    </ClCompile>
    <ClCompile Include="math\Simd.cpp">
      <Filter>Source Files</Filter>
    </ClCompile>
    <ClCompile Include="math\Simd_3DNow.cpp">
      <Filter>Source Files</Filter>
    </ClCompile>
    <ClCompile Include="math\Simd_AltiVec.cpp">
      <Filter>Source Files</Filter>
    </ClCompile>
    <ClCompile Include="math\Simd_Generic.cpp">
      <Filter>Source Files</Filter>
    </ClCompile>
    <ClCompile Include="math\Simd_MMX.cpp">
      <Filter>Source Files</Filter>
    </ClCompile>
    <ClCompile Include="math\Simd_SSE.cpp">
      <Filter>Source Files</Filter>
    </ClCompile>
    <ClCompile Include="math\Simd_SSE2.cpp">
      <Filter>Source Files</Filter>
    </ClCompile>
    <ClCompile Include="math\Simd_SSE3.cpp">
      <Filter>Source Files</Filter>
    </ClCompile>
    <ClCompile Include="bv\Sphere.cpp">
      <Filter>Source Files</Filter>
    </ClCompile>
    <ClCompile Include="Str.cpp">
      <Filter>Source Files</Filter>
    </ClCompile>
    <ClCompile Include="geometry\Surface.cpp">
      <Filter>Source Files</Filter>
    </ClCompile>
    <ClCompile Include="geometry\Surface_Patch.cpp">
      <Filter>Source Files</Filter>
    </ClCompile>
    <ClCompile Include="geometry\Surface_Polytope.cpp">
      <Filter>Source Files</Filter>
    </ClCompile>
    <ClCompile Include="geometry\Surface_SweptSpline.cpp">
      <Filter>Source Files</Filter>
    </ClCompile>
    <ClCompile Include="Sys_stubs.cpp">
      <Filter>Source Files</Filter>
    </ClCompile>
    <ClCompile Include="Timer.cpp">
      <Filter>Source Files</Filter>
    </ClCompile>
    <ClCompile Include="Token.cpp">
      <Filter>Source Files</Filter>
    </ClCompile>
    <ClCompile Include="geometry\TraceModel.cpp">
      <Filter>Source Files</Filter>
    </ClCompile>
    <ClCompile Include="math\Vector.cpp">
      <Filter>Source Files</Filter>
    </ClCompile>
    <ClCompile Include="geometry\Winding.cpp">
      <Filter>Source Files</Filter>
    </ClCompile>
    <ClCompile Include="geometry\Winding2D.cpp">
      <Filter>Source Files</Filter>
    </ClCompile>
    <ClCompile Include="..\qcommon\q_math.c">
      <Filter>Source Files</Filter>
    </ClCompile>
  </ItemGroup>
</Project>